
Microsoft Visual Studio Solution File, Format Version 12.00
# Visual Studio Version 16
VisualStudioVersion = 16.0.31019.35
MinimumVisualStudioVersion = 10.0.40219.1
Project("{9A19103F-16F7-4668-BE54-9A1E7A4F7556}") = "ngrokGUI", "ngrokGUI.csproj", "{F0DA3BFF-57BE-4E5E-8C67-2C4692E144E4}"
EndProject
Global
	GlobalSection(SolutionConfigurationPlatforms) = preSolution
		Debug|Any CPU = Debug|Any CPU
		Release|Any CPU = Release|Any CPU
	EndGlobalSection
	GlobalSection(ProjectConfigurationPlatforms) = postSolution
		{F0DA3BFF-57BE-4E5E-8C67-2C4692E144E4}.Debug|Any CPU.ActiveCfg = Debug|Any CPU
		{F0DA3BFF-57BE-4E5E-8C67-2C4692E144E4}.Debug|Any CPU.Build.0 = Debug|Any CPU
		{F0DA3BFF-57BE-4E5E-8C67-2C4692E144E4}.Release|Any CPU.ActiveCfg = Release|Any CPU
		{F0DA3BFF-57BE-4E5E-8C67-2C4692E144E4}.Release|Any CPU.Build.0 = Release|Any CPU
	EndGlobalSection
	GlobalSection(SolutionProperties) = preSolution
		HideSolutionNode = FALSE
	EndGlobalSection
	GlobalSection(ExtensibilityGlobals) = postSolution
		SolutionGuid = {15758858-1714-4E08-8FBE-7EA91C1CA3ED}
	EndGlobalSection
EndGlobal
